
Microsoft Visual Studio Solution File, Format Version 12.00
# Visual Studio Version 17
VisualStudioVersion = 17.12.35707.178
MinimumVisualStudioVersion = 10.0.40219.1
Project("{FAE04EC0-301F-11D3-BF4B-00C04F79EFBC}") = "SyllabusAI.Core", "SyllabusAI.Core\SyllabusAI.Core.csproj", "{1C147601-4B29-4CAA-92F2-9846347001A0}"
EndProject
Project("{FAE04EC0-301F-11D3-BF4B-00C04F79EFBC}") = "SyllabusAI.Data", "SyllabusAI.Data\SyllabusAI.Data.csproj", "{D3BA7662-3792-465E-B6D8-6FB2539A764E}"
EndProject
Project("{FAE04EC0-301F-11D3-BF4B-00C04F79EFBC}") = "SyllabusAI.Service", "SyllabusAI.Service\SyllabusAI.Service.csproj", "{2E9C9DEF-DE55-4E03-BC97-D7B770179CC8}"
EndProject
Global
	GlobalSection(SolutionConfigurationPlatforms) = preSolution
		Debug|Any CPU = Debug|Any CPU
		Debug|x64 = Debug|x64
		Debug|x86 = Debug|x86
		Release|Any CPU = Release|Any CPU
		Release|x64 = Release|x64
		Release|x86 = Release|x86
	EndGlobalSection
	GlobalSection(ProjectConfigurationPlatforms) = postSolution
		{1C147601-4B29-4CAA-92F2-9846347001A0}.Debug|Any CPU.ActiveCfg = Debug|Any CPU
		{1C147601-4B29-4CAA-92F2-9846347001A0}.Debug|Any CPU.Build.0 = Debug|Any CPU
		{1C147601-4B29-4CAA-92F2-9846347001A0}.Debug|x64.ActiveCfg = Debug|Any CPU
		{1C147601-4B29-4CAA-92F2-9846347001A0}.Debug|x64.Build.0 = Debug|Any CPU
		{1C147601-4B29-4CAA-92F2-9846347001A0}.Debug|x86.ActiveCfg = Debug|Any CPU
		{1C147601-4B29-4CAA-92F2-9846347001A0}.Debug|x86.Build.0 = Debug|Any CPU
		{1C147601-4B29-4CAA-92F2-9846347001A0}.Release|Any CPU.ActiveCfg = Release|Any CPU
		{1C147601-4B29-4CAA-92F2-9846347001A0}.Release|Any CPU.Build.0 = Release|Any CPU
		{1C147601-4B29-4CAA-92F2-9846347001A0}.Release|x64.ActiveCfg = Release|Any CPU
		{1C147601-4B29-4CAA-92F2-9846347001A0}.Release|x64.Build.0 = Release|Any CPU
		{1C147601-4B29-4CAA-92F2-9846347001A0}.Release|x86.ActiveCfg = Release|Any CPU
		{1C147601-4B29-4CAA-92F2-9846347001A0}.Release|x86.Build.0 = Release|Any CPU
		{D3BA7662-3792-465E-B6D8-6FB2539A764E}.Debug|Any CPU.ActiveCfg = Debug|Any CPU
		{D3BA7662-3792-465E-B6D8-6FB2539A764E}.Debug|Any CPU.Build.0 = Debug|Any CPU
		{D3BA7662-3792-465E-B6D8-6FB2539A764E}.Debug|x64.ActiveCfg = Debug|Any CPU
		{D3BA7662-3792-465E-B6D8-6FB2539A764E}.Debug|x64.Build.0 = Debug|Any CPU
		{D3BA7662-3792-465E-B6D8-6FB2539A764E}.Debug|x86.ActiveCfg = Debug|Any CPU
		{D3BA7662-3792-465E-B6D8-6FB2539A764E}.Debug|x86.Build.0 = Debug|Any CPU
		{D3BA7662-3792-465E-B6D8-6FB2539A764E}.Release|Any CPU.ActiveCfg = Release|Any CPU
		{D3BA7662-3792-465E-B6D8-6FB2539A764E}.Release|Any CPU.Build.0 = Release|Any CPU
		{D3BA7662-3792-465E-B6D8-6FB2539A764E}.Release|x64.ActiveCfg = Release|Any CPU
		{D3BA7662-3792-465E-B6D8-6FB2539A764E}.Release|x64.Build.0 = Release|Any CPU
		{D3BA7662-3792-465E-B6D8-6FB2539A764E}.Release|x86.ActiveCfg = Release|Any CPU
		{D3BA7662-3792-465E-B6D8-6FB2539A764E}.Release|x86.Build.0 = Release|Any CPU
		{2E9C9DEF-DE55-4E03-BC97-D7B770179CC8}.Debug|Any CPU.ActiveCfg = Debug|Any CPU
		{2E9C9DEF-DE55-4E03-BC97-D7B770179CC8}.Debug|Any CPU.Build.0 = Debug|Any CPU
		{2E9C9DEF-DE55-4E03-BC97-D7B770179CC8}.Debug|x64.ActiveCfg = Debug|Any CPU
		{2E9C9DEF-DE55-4E03-BC97-D7B770179CC8}.Debug|x64.Build.0 = Debug|Any CPU
		{2E9C9DEF-DE55-4E03-BC97-D7B770179CC8}.Debug|x86.ActiveCfg = Debug|Any CPU
		{2E9C9DEF-DE55-4E03-BC97-D7B770179CC8}.Debug|x86.Build.0 = Debug|Any CPU
		{2E9C9DEF-DE55-4E03-BC97-D7B770179CC8}.Release|Any CPU.ActiveCfg = Release|Any CPU
		{2E9C9DEF-DE55-4E03-BC97-D7B770179CC8}.Release|Any CPU.Build.0 = Release|Any CPU
		{2E9C9DEF-DE55-4E03-BC97-D7B770179CC8}.Release|x64.ActiveCfg = Release|Any CPU
		{2E9C9DEF-DE55-4E03-BC97-D7B770179CC8}.Release|x64.Build.0 = Release|Any CPU
		{2E9C9DEF-DE55-4E03-BC97-D7B770179CC8}.Release|x86.ActiveCfg = Release|Any CPU
		{2E9C9DEF-DE55-4E03-BC97-D7B770179CC8}.Release|x86.Build.0 = Release|Any CPU
	EndGlobalSection
	GlobalSection(SolutionProperties) = preSolution
		HideSolutionNode = FALSE
	EndGlobalSection
EndGlobal
